// !$*UTF8*$!
{
	archiveVersion = 1;
	classes = {
	};
	objectVersion = 46;
	objects = {

/* Begin PBXBuildFile section */
		C26CE2701BD97DDD005C9E03 /* AppDelegate.swift in Sources */ = {isa = PBXBuildFile; fileRef = C26CE26F1BD97DDD005C9E03 /* AppDelegate.swift */; };
		C26CE2721BD97DDD005C9E03 /* ViewController.swift in Sources */ = {isa = PBXBuildFile; fileRef = C26CE2711BD97DDD005C9E03 /* ViewController.swift */; };
		C26CE2751BD97DDD005C9E03 /* Main.storyboard in Resources */ = {isa = PBXBuildFile; fileRef = C26CE2731BD97DDD005C9E03 /* Main.storyboard */; };
		C26CE2771BD97DDD005C9E03 /* Assets.xcassets in Resources */ = {isa = PBXBuildFile; fileRef = C26CE2761BD97DDD005C9E03 /* Assets.xcassets */; };
		C26CE27A1BD97DDD005C9E03 /* LaunchScreen.storyboard in Resources */ = {isa = PBXBuildFile; fileRef = C26CE2781BD97DDD005C9E03 /* LaunchScreen.storyboard */; };
		C26CE2821BD98112005C9E03 /* NewsFeedViewController.swift in Sources */ = {isa = PBXBuildFile; fileRef = C26CE2811BD98112005C9E03 /* NewsFeedViewController.swift */; settings = {ASSET_TAGS = (); }; };
		C26CE2841BD9811A005C9E03 /* RequestsViewController.swift in Sources */ = {isa = PBXBuildFile; fileRef = C26CE2831BD9811A005C9E03 /* RequestsViewController.swift */; settings = {ASSET_TAGS = (); }; };
		C26CE2861BD98120005C9E03 /* MessagesViewController.swift in Sources */ = {isa = PBXBuildFile; fileRef = C26CE2851BD98120005C9E03 /* MessagesViewController.swift */; settings = {ASSET_TAGS = (); }; };
		C26CE2881BD9812B005C9E03 /* NotificationsViewController.swift in Sources */ = {isa = PBXBuildFile; fileRef = C26CE2871BD9812B005C9E03 /* NotificationsViewController.swift */; settings = {ASSET_TAGS = (); }; };
		C26CE28A1BD98131005C9E03 /* MoreViewController.swift in Sources */ = {isa = PBXBuildFile; fileRef = C26CE2891BD98131005C9E03 /* MoreViewController.swift */; settings = {ASSET_TAGS = (); }; };
		C26CE28C1BD98484005C9E03 /* ThrillistDetailViewController.swift in Sources */ = {isa = PBXBuildFile; fileRef = C26CE28B1BD98484005C9E03 /* ThrillistDetailViewController.swift */; settings = {ASSET_TAGS = (); }; };
		C26CE28E1BD98754005C9E03 /* CreateStatusViewController.swift in Sources */ = {isa = PBXBuildFile; fileRef = C26CE28D1BD98754005C9E03 /* CreateStatusViewController.swift */; settings = {ASSET_TAGS = (); }; };
		C26CE2901BD98761005C9E03 /* CreatePhotoViewController.swift in Sources */ = {isa = PBXBuildFile; fileRef = C26CE28F1BD98761005C9E03 /* CreatePhotoViewController.swift */; settings = {ASSET_TAGS = (); }; };
		C26CE2921BD9876B005C9E03 /* CreateCheckinViewController.swift in Sources */ = {isa = PBXBuildFile; fileRef = C26CE2911BD9876B005C9E03 /* CreateCheckinViewController.swift */; settings = {ASSET_TAGS = (); }; };
/* End PBXBuildFile section */

/* Begin PBXFileReference section */
		C26CE26C1BD97DDD005C9E03 /* facebook-prototype.app */ = {isa = PBXFileReference; explicitFileType = wrapper.application; includeInIndex = 0; path = "facebook-prototype.app"; sourceTree = BUILT_PRODUCTS_DIR; };
		C26CE26F1BD97DDD005C9E03 /* AppDelegate.swift */ = {isa = PBXFileReference; lastKnownFileType = sourcecode.swift; path = AppDelegate.swift; sourceTree = "<group>"; };
		C26CE2711BD97DDD005C9E03 /* ViewController.swift */ = {isa = PBXFileReference; lastKnownFileType = sourcecode.swift; path = ViewController.swift; sourceTree = "<group>"; };
		C26CE2741BD97DDD005C9E03 /* Base */ = {isa = PBXFileReference; lastKnownFileType = file.storyboard; name = Base; path = Base.lproj/Main.storyboard; sourceTree = "<group>"; };
		C26CE2761BD97DDD005C9E03 /* Assets.xcassets */ = {isa = PBXFileReference; lastKnownFileType = folder.assetcatalog; path = Assets.xcassets; sourceTree = "<group>"; };
		C26CE2791BD97DDD005C9E03 /* Base */ = {isa = PBXFileReference; lastKnownFileType = file.storyboard; name = Base; path = Base.lproj/LaunchScreen.storyboard; sourceTree = "<group>"; };
		C26CE27B1BD97DDD005C9E03 /* Info.plist */ = {isa = PBXFileReference; lastKnownFileType = text.plist.xml; path = Info.plist; sourceTree = "<group>"; };
		C26CE2811BD98112005C9E03 /* NewsFeedViewController.swift */ = {isa = PBXFileReference; fileEncoding = 4; lastKnownFileType = sourcecode.swift; path = NewsFeedViewController.swift; sourceTree = "<group>"; };
		C26CE2831BD9811A005C9E03 /* RequestsViewController.swift */ = {isa = PBXFileReference; fileEncoding = 4; lastKnownFileType = sourcecode.swift; path = RequestsViewController.swift; sourceTree = "<group>"; };
		C26CE2851BD98120005C9E03 /* MessagesViewController.swift */ = {isa = PBXFileReference; fileEncoding = 4; lastKnownFileType = sourcecode.swift; path = MessagesViewController.swift; sourceTree = "<group>"; };
		C26CE2871BD9812B005C9E03 /* NotificationsViewController.swift */ = {isa = PBXFileReference; fileEncoding = 4; lastKnownFileType = sourcecode.swift; path = NotificationsViewController.swift; sourceTree = "<group>"; };
		C26CE2891BD98131005C9E03 /* MoreViewController.swift */ = {isa = PBXFileReference; fileEncoding = 4; lastKnownFileType = sourcecode.swift; path = MoreViewController.swift; sourceTree = "<group>"; };
		C26CE28B1BD98484005C9E03 /* ThrillistDetailViewController.swift */ = {isa = PBXFileReference; fileEncoding = 4; lastKnownFileType = sourcecode.swift; path = ThrillistDetailViewController.swift; sourceTree = "<group>"; };
		C26CE28D1BD98754005C9E03 /* CreateStatusViewController.swift */ = {isa = PBXFileReference; fileEncoding = 4; lastKnownFileType = sourcecode.swift; path = CreateStatusViewController.swift; sourceTree = "<group>"; };
		C26CE28F1BD98761005C9E03 /* CreatePhotoViewController.swift */ = {isa = PBXFileReference; fileEncoding = 4; lastKnownFileType = sourcecode.swift; path = CreatePhotoViewController.swift; sourceTree = "<group>"; };
		C26CE2911BD9876B005C9E03 /* CreateCheckinViewController.swift */ = {isa = PBXFileReference; fileEncoding = 4; lastKnownFileType = sourcecode.swift; path = CreateCheckinViewController.swift; sourceTree = "<group>"; };
/* End PBXFileReference section */

/* Begin PBXFrameworksBuildPhase section */
		C26CE2691BD97DDD005C9E03 /* Frameworks */ = {
			isa = PBXFrameworksBuildPhase;
			buildActionMask = 2147483647;
			files = (
			);
			runOnlyForDeploymentPostprocessing = 0;
		};
/* End PBXFrameworksBuildPhase section */

/* Begin PBXGroup section */
		C26CE2631BD97DDD005C9E03 = {
			isa = PBXGroup;
			children = (
				C26CE26E1BD97DDD005C9E03 /* facebook-prototype */,
				C26CE26D1BD97DDD005C9E03 /* Products */,
			);
			sourceTree = "<group>";
		};
		C26CE26D1BD97DDD005C9E03 /* Products */ = {
			isa = PBXGroup;
			children = (
				C26CE26C1BD97DDD005C9E03 /* facebook-prototype.app */,
			);
			name = Products;
			sourceTree = "<group>";
		};
		C26CE26E1BD97DDD005C9E03 /* facebook-prototype */ = {
			isa = PBXGroup;
			children = (
				C26CE26F1BD97DDD005C9E03 /* AppDelegate.swift */,
				C26CE2711BD97DDD005C9E03 /* ViewController.swift */,
				C26CE2811BD98112005C9E03 /* NewsFeedViewController.swift */,
				C26CE2831BD9811A005C9E03 /* RequestsViewController.swift */,
				C26CE2851BD98120005C9E03 /* MessagesViewController.swift */,
				C26CE2871BD9812B005C9E03 /* NotificationsViewController.swift */,
				C26CE2891BD98131005C9E03 /* MoreViewController.swift */,
				C26CE2731BD97DDD005C9E03 /* Main.storyboard */,
				C26CE28D1BD98754005C9E03 /* CreateStatusViewController.swift */,
				C26CE28F1BD98761005C9E03 /* CreatePhotoViewController.swift */,
				C26CE2911BD9876B005C9E03 /* CreateCheckinViewController.swift */,
				C26CE28B1BD98484005C9E03 /* ThrillistDetailViewController.swift */,
				C26CE2761BD97DDD005C9E03 /* Assets.xcassets */,
				C26CE2781BD97DDD005C9E03 /* LaunchScreen.storyboard */,
				C26CE27B1BD97DDD005C9E03 /* Info.plist */,
			);
			path = "facebook-prototype";
			sourceTree = "<group>";
		};
/* End PBXGroup section */

/* Begin PBXNativeTarget section */
		C26CE26B1BD97DDD005C9E03 /* facebook-prototype */ = {
			isa = PBXNativeTarget;
			buildConfigurationList = C26CE27E1BD97DDD005C9E03 /* Build configuration list for PBXNativeTarget "facebook-prototype" */;
			buildPhases = (
				C26CE2681BD97DDD005C9E03 /* Sources */,
				C26CE2691BD97DDD005C9E03 /* Frameworks */,
				C26CE26A1BD97DDD005C9E03 /* Resources */,
			);
			buildRules = (
			);
			dependencies = (
			);
			name = "facebook-prototype";
			productName = "facebook-prototype";
			productReference = C26CE26C1BD97DDD005C9E03 /* facebook-prototype.app */;
			productType = "com.apple.product-type.application";
		};
/* End PBXNativeTarget section */

/* Begin PBXProject section */
		C26CE2641BD97DDD005C9E03 /* Project object */ = {
			isa = PBXProject;
			attributes = {
				LastUpgradeCheck = 0700;
				ORGANIZATIONNAME = "Andy Taylor";
				TargetAttributes = {
					C26CE26B1BD97DDD005C9E03 = {
						CreatedOnToolsVersion = 7.0.1;
						DevelopmentTeam = 7JJG8MJLCH;
					};
				};
			};
			buildConfigurationList = C26CE2671BD97DDD005C9E03 /* Build configuration list for PBXProject "facebook-prototype" */;
			compatibilityVersion = "Xcode 3.2";
			developmentRegion = English;
			hasScannedForEncodings = 0;
			knownRegions = (
				en,
				Base,
			);
			mainGroup = C26CE2631BD97DDD005C9E03;
			productRefGroup = C26CE26D1BD97DDD005C9E03 /* Products */;
			projectDirPath = "";
			projectRoot = "";
			targets = (
				C26CE26B1BD97DDD005C9E03 /* facebook-prototype */,
			);
		};
/* End PBXProject section */

/* Begin PBXResourcesBuildPhase section */
		C26CE26A1BD97DDD005C9E03 /* Resources */ = {
			isa = PBXResourcesBuildPhase;
			buildActionMask = 2147483647;
			files = (
				C26CE27A1BD97DDD005C9E03 /* LaunchScreen.storyboard in Resources */,
				C26CE2771BD97DDD005C9E03 /* Assets.xcassets in Resources */,
				C26CE2751BD97DDD005C9E03 /* Main.storyboard in Resources */,
			);
			runOnlyForDeploymentPostprocessing = 0;
		};
/* End PBXResourcesBuildPhase section */

/* Begin PBXSourcesBuildPhase section */
		C26CE2681BD97DDD005C9E03 /* Sources */ = {
			isa = PBXSourcesBuildPhase;
			buildActionMask = 2147483647;
			files = (
				C26CE28A1BD98131005C9E03 /* MoreViewController.swift in Sources */,
				C26CE2861BD98120005C9E03 /* MessagesViewController.swift in Sources */,
				C26CE2721BD97DDD005C9E03 /* ViewController.swift in Sources */,
				C26CE2701BD97DDD005C9E03 /* AppDelegate.swift in Sources */,
				C26CE2881BD9812B005C9E03 /* NotificationsViewController.swift in Sources */,
				C26CE28E1BD98754005C9E03 /* CreateStatusViewController.swift in Sources */,
				C26CE2921BD9876B005C9E03 /* CreateCheckinViewController.swift in Sources */,
				C26CE2841BD9811A005C9E03 /* RequestsViewController.swift in Sources */,
				C26CE2901BD98761005C9E03 /* CreatePhotoViewController.swift in Sources */,
				C26CE2821BD98112005C9E03 /* NewsFeedViewController.swift in Sources */,
				C26CE28C1BD98484005C9E03 /* ThrillistDetailViewController.swift in Sources */,
			);
			runOnlyForDeploymentPostprocessing = 0;
		};
/* End PBXSourcesBuildPhase section */

/* Begin PBXVariantGroup section */
		C26CE2731BD97DDD005C9E03 /* Main.storyboard */ = {
			isa = PBXVariantGroup;
			children = (
				C26CE2741BD97DDD005C9E03 /* Base */,
			);
			name = Main.storyboard;
			sourceTree = "<group>";
		};
		C26CE2781BD97DDD005C9E03 /* LaunchScreen.storyboard */ = {
			isa = PBXVariantGroup;
			children = (
				C26CE2791BD97DDD005C9E03 /* Base */,
			);
			name = LaunchScreen.storyboard;
			sourceTree = "<group>";
		};
/* End PBXVariantGroup section */

/* Begin XCBuildConfiguration section */
		C26CE27C1BD97DDD005C9E03 /* Debug */ = {
			isa = XCBuildConfiguration;
			buildSettings = {
				ALWAYS_SEARCH_USER_PATHS = NO;
				CLANG_CXX_LANGUAGE_STANDARD = "gnu++0x";
				CLANG_CXX_LIBRARY = "libc++";
				CLANG_ENABLE_MODULES = YES;
				CLANG_ENABLE_OBJC_ARC = YES;
				CLANG_WARN_BOOL_CONVERSION = YES;
				CLANG_WARN_CONSTANT_CONVERSION = YES;
				CLANG_WARN_DIRECT_OBJC_ISA_USAGE = YES_ERROR;
				CLANG_WARN_EMPTY_BODY = YES;
				CLANG_WARN_ENUM_CONVERSION = YES;
				CLANG_WARN_INT_CONVERSION = YES;
				CLANG_WARN_OBJC_ROOT_CLASS = YES_ERROR;
				CLANG_WARN_UNREACHABLE_CODE = YES;
				CLANG_WARN__DUPLICATE_METHOD_MATCH = YES;
				"CODE_SIGN_IDENTITY[sdk=iphoneos*]" = "iPhone Developer";
				COPY_PHASE_STRIP = NO;
				DEBUG_INFORMATION_FORMAT = dwarf;
				ENABLE_STRICT_OBJC_MSGSEND = YES;
				ENABLE_TESTABILITY = YES;
				GCC_C_LANGUAGE_STANDARD = gnu99;
				GCC_DYNAMIC_NO_PIC = NO;
				GCC_NO_COMMON_BLOCKS = YES;
				GCC_OPTIMIZATION_LEVEL = 0;
				GCC_PREPROCESSOR_DEFINITIONS = (
					"DEBUG=1",
					"$(inherited)",
				);
				GCC_WARN_64_TO_32_BIT_CONVERSION = YES;
				GCC_WARN_ABOUT_RETURN_TYPE = YES_ERROR;
				GCC_WARN_UNDECLARED_SELECTOR = YES;
				GCC_WARN_UNINITIALIZED_AUTOS = YES_AGGRESSIVE;
				GCC_WARN_UNUSED_FUNCTION = YES;
				GCC_WARN_UNUSED_VARIABLE = YES;
				IPHONEOS_DEPLOYMENT_TARGET = 9.0;
				MTL_ENABLE_DEBUG_INFO = YES;
				ONLY_ACTIVE_ARCH = YES;
				SDKROOT = iphoneos;
				SWIFT_OPTIMIZATION_LEVEL = "-Onone";
			};
			name = Debug;
		};
		C26CE27D1BD97DDD005C9E03 /* Release */ = {
			isa = XCBuildConfiguration;
			buildSettings = {
				ALWAYS_SEARCH_USER_PATHS = NO;
				CLANG_CXX_LANGUAGE_STANDARD = "gnu++0x";
				CLANG_CXX_LIBRARY = "libc++";
				CLANG_ENABLE_MODULES = YES;
				CLANG_ENABLE_OBJC_ARC = YES;
				CLANG_WARN_BOOL_CONVERSION = YES;
				CLANG_WARN_CONSTANT_CONVERSION = YES;
				CLANG_WARN_DIRECT_OBJC_ISA_USAGE = YES_ERROR;
				CLANG_WARN_EMPTY_BODY = YES;
				CLANG_WARN_ENUM_CONVERSION = YES;
				CLANG_WARN_INT_CONVERSION = YES;
				CLANG_WARN_OBJC_ROOT_CLASS = YES_ERROR;
				CLANG_WARN_UNREACHABLE_CODE = YES;
				CLANG_WARN__DUPLICATE_METHOD_MATCH = YES;
				"CODE_SIGN_IDENTITY[sdk=iphoneos*]" = "iPhone Developer";
				COPY_PHASE_STRIP = NO;
				DEBUG_INFORMATION_FORMAT = "dwarf-with-dsym";
				ENABLE_NS_ASSERTIONS = NO;
				ENABLE_STRICT_OBJC_MSGSEND = YES;
				GCC_C_LANGUAGE_STANDARD = gnu99;
				GCC_NO_COMMON_BLOCKS = YES;
				GCC_WARN_64_TO_32_BIT_CONVERSION = YES;
				GCC_WARN_ABOUT_RETURN_TYPE = YES_ERROR;
				GCC_WARN_UNDECLARED_SELECTOR = YES;
				GCC_WARN_UNINITIALIZED_AUTOS = YES_AGGRESSIVE;
				GCC_WARN_UNUSED_FUNCTION = YES;
				GCC_WARN_UNUSED_VARIABLE = YES;
				IPHONEOS_DEPLOYMENT_TARGET = 9.0;
				MTL_ENABLE_DEBUG_INFO = NO;
				SDKROOT = iphoneos;
				VALIDATE_PRODUCT = YES;
			};
			name = Release;
		};
		C26CE27F1BD97DDD005C9E03 /* Debug */ = {
			isa = XCBuildConfiguration;
			buildSettings = {
				ASSETCATALOG_COMPILER_APPICON_NAME = AppIcon;
				INFOPLIST_FILE = "facebook-prototype/Info.plist";
				LD_RUNPATH_SEARCH_PATHS = "$(inherited) @executable_path/Frameworks";
				PRODUCT_BUNDLE_IDENTIFIER = "andytaylor.facebook-prototype";
				PRODUCT_NAME = "$(TARGET_NAME)";
			};
			name = Debug;
		};
		C26CE2801BD97DDD005C9E03 /* Release */ = {
			isa = XCBuildConfiguration;
			buildSettings = {
				ASSETCATALOG_COMPILER_APPICON_NAME = AppIcon;
				INFOPLIST_FILE = "facebook-prototype/Info.plist";
				LD_RUNPATH_SEARCH_PATHS = "$(inherited) @executable_path/Frameworks";
				PRODUCT_BUNDLE_IDENTIFIER = "andytaylor.facebook-prototype";
				PRODUCT_NAME = "$(TARGET_NAME)";
			};
			name = Release;
		};
/* End XCBuildConfiguration section */

/* Begin XCConfigurationList section */
		C26CE2671BD97DDD005C9E03 /* Build configuration list for PBXProject "facebook-prototype" */ = {
			isa = XCConfigurationList;
			buildConfigurations = (
				C26CE27C1BD97DDD005C9E03 /* Debug */,
				C26CE27D1BD97DDD005C9E03 /* Release */,
			);
			defaultConfigurationIsVisible = 0;
			defaultConfigurationName = Release;
		};
		C26CE27E1BD97DDD005C9E03 /* Build configuration list for PBXNativeTarget "facebook-prototype" */ = {
			isa = XCConfigurationList;
			buildConfigurations = (
				C26CE27F1BD97DDD005C9E03 /* Debug */,
				C26CE2801BD97DDD005C9E03 /* Release */,
			);
			defaultConfigurationIsVisible = 0;
		};
/* End XCConfigurationList section */
	};
	rootObject = C26CE2641BD97DDD005C9E03 /* Project object */;
}
